
Microsoft Visual Studio Solution File, Format Version 12.00
# Visual Studio 15
VisualStudioVersion = 15.0.28307.489
MinimumVisualStudioVersion = 10.0.40219.1
Project("{8BC9CEB8-8B4A-11D0-8D11-00A0C91BC942}") = "notify_icon", "notify_icon\notify_icon.vcxproj", "{778044B4-7222-460C-9BEF-CD825CA84938}"
EndProject
Global
	GlobalSection(SolutionConfigurationPlatforms) = preSolution
		Debug|x64 = Debug|x64
		Debug|x86 = Debug|x86
		Release|x64 = Release|x64
		Release|x86 = Release|x86
	EndGlobalSection
	GlobalSection(ProjectConfigurationPlatforms) = postSolution
		{778044B4-7222-460C-9BEF-CD825CA84938}.Debug|x64.ActiveCfg = Debug|x64
		{778044B4-7222-460C-9BEF-CD825CA84938}.Debug|x64.Build.0 = Debug|x64
		{778044B4-7222-460C-9BEF-CD825CA84938}.Debug|x86.ActiveCfg = Debug|Win32
		{778044B4-7222-460C-9BEF-CD825CA84938}.Debug|x86.Build.0 = Debug|Win32
		{778044B4-7222-460C-9BEF-CD825CA84938}.Release|x64.ActiveCfg = Release|x64
		{778044B4-7222-460C-9BEF-CD825CA84938}.Release|x64.Build.0 = Release|x64
		{778044B4-7222-460C-9BEF-CD825CA84938}.Release|x86.ActiveCfg = Release|Win32
		{778044B4-7222-460C-9BEF-CD825CA84938}.Release|x86.Build.0 = Release|Win32
	EndGlobalSection
	GlobalSection(SolutionProperties) = preSolution
		HideSolutionNode = FALSE
	EndGlobalSection
	GlobalSection(ExtensibilityGlobals) = postSolution
		SolutionGuid = {1086907B-6CC6-42C2-AC52-865C0F52B15E}
	EndGlobalSection
EndGlobal
